dependencies:
  chmorgan/esp-audio-player:
    component_hash: 9f762bbd153b6a49fab1f9181d1dd9467b76cb19c6901a10ec835ae451145354
    source:
      type: service
    version: 1.0.6
  chmorgan/esp-file-iterator:
    component_hash: 327091394b9ef5c2cd395a960ab70ae64479e0a8831cbd9925e38895fad93719
    source:
      type: service
    version: 1.0.0
  chmorgan/esp-libhelix-mp3:
    component_hash: cbb76089dc2c5749f7b470e2e70aedc44c9da519e04eb9a67d4c7ec275229e53
    source:
      type: service
    version: 1.0.3
  espressif/button:
    component_hash: b115c8797f89b883265441aeedf4973a6d49c53bec55159767cdd9cbcd27f328
    source:
      type: service
    version: 3.2.3
  espressif/cmake_utilities:
    component_hash: 351350613ceafba240b761b4ea991e0f231ac7a9f59a9ee901f751bddc0bb18f
    source:
      type: service
    version: 0.5.3
  espressif/esp-box:
    component_hash: cb7a15328ccf8ffdde5abaa86ee5cc0dde2f33c23ce898b048e9012d04be599e
    source:
      type: service
    version: 3.0.5
  espressif/esp-box-3:
    component_hash: 13b258241e2cb4f15a53511b46ba15412eab9a5da403c832258f826ff50c4aab
    source:
      type: service
    version: 1.1.3
  espressif/esp-box-lite:
    component_hash: b5a6640825aea1372d84c30a7a81481cfc704bb6783d5cfc08e65f51374a1463
    source:
      type: service
    version: 2.0.4
  espressif/esp-dsp:
    component_hash: 3e7bbd487f1357a1d4944d0c85966d049501ea281b8a4c7f93f7cfedd5b7f23d
    source:
      type: service
    version: 1.4.12
  espressif/esp-sr:
    component_hash: 16af25295f531495fe7e36cf2e8c8bb49629be42c38a56f55f4ded825ada0ffc
    source:
      type: service
    version: 1.7.1
  espressif/esp_codec_dev:
    component_hash: 1a3a2e518cd8b52e8796ec393a4050977f8f113599056faf085a02a57e194f86
    source:
      type: service
    version: 1.1.0
  espressif/esp_lcd_ili9341:
    component_hash: 31f1b793aa2110dd2ae071c21ccbff0a4eb20d9a4ee40b6294c0dc0ad9552c4e
    source:
      type: service
    version: 1.2.0
  espressif/esp_lcd_touch:
    component_hash: 779b4ba2464a3ae85681e4b860caa5fdc35801458c23f3039ee761bae7f442a4
    source:
      type: service
    version: 1.1.2
  espressif/esp_lcd_touch_gt911:
    component_hash: 664c544533b91497f29b41e045bb4374a0d4d002f9d8c67c7c1bf43fb4179e3f
    source:
      type: service
    version: 1.1.1
  espressif/esp_lcd_touch_tt21100:
    component_hash: 3670f6f3d68c120d680d70ffdf2dc10f6c2a5bea8c0e87521fb92ac2af1f94c5
    source:
      type: service
    version: 1.1.0
  espressif/esp_lvgl_port:
    component_hash: b43dc04720d126cbfe14d53a84787e4c24b7bd7f15468e224c930ad3ffb32258
    source:
      type: service
    version: 1.4.0
  espressif/esp_websocket_client:
    component_hash: ae561d39222a399ddda5e470913c3d54a3c0f53dce15b8d21a3aaa4226dd74b1
    source:
      type: service
    version: 1.2.3
  espressif/icm42670:
    component_hash: 3327870e7a125e7278f318297726138278f0cda2898f2461c01af0423d4afcda
    source:
      type: service
    version: 1.0.0
  espressif/openai:
    component_hash: ccbc2da45d5afc91d07756424ab3c0f202a23530439d6596de46b5dd15fe096f
    source:
      type: service
    version: 1.0.0
  idf:
    component_hash: null
    source:
      type: idf
    version: 5.1.4
  lvgl/lvgl:
    component_hash: d7c1ac037ae6e85d94897f807d6e7ba0946a83e720074fc95a4f6241da9f9f53
    source:
      type: service
    version: 8.4.0
manifest_hash: 0c2158bc487c66090b2c3baa09b94f64587a597b74e4a09285a88367c8cdfe59
target: esp32s3
version: 1.0.0
