dependencies:
  espressif/esp-dsp:
    component_hash: 3e7bbd487f1357a1d4944d0c85966d049501ea281b8a4c7f93f7cfedd5b7f23d
    source:
      service_url: https://api.components.espressif.com/
      type: service
    version: 1.4.12
  espressif/jsmn:
    component_hash: d80350c41bbaa827c98a25b6072df00884e72f54885996fab4a4f0aebce6b6c3
    source:
      service_url: https://api.components.espressif.com/
      type: service
    version: 1.1.0
  espressif/nghttp:
    component_hash: 5e55c2fc982f7ddd257818be86f50d60705f3fd3a39d709c399434e81d458e1e
    source:
      service_url: https://api.components.espressif.com/
      type: service
    version: 1.58.0
  idf:
    component_hash: null
    source:
      type: idf
    version: 5.0.4
manifest_hash: a3807d6d77e37ee27b40454f538fbacbfc12fd8688cb8e66f8707aacf0370b29
target: esp32s3
version: 1.0.0
